#
# This file is autogenerated by pip-compile with Python 3.11
# by the following command:
#
#    pip-compile --output-file=requirements.lock pyproject.toml
#
annotated-doc==0.0.4
    # via fastapi
annotated-types==0.7.0
    # via pydantic
anyio==4.12.0
    # via
    #   httpx
    #   openai
    #   starlette
    #   watchfiles
azure-core==1.37.0
    # via
    #   azure-cosmos
    #   azure-storage-blob
azure-cosmos==4.14.3
    # via ai-sdk-fastapi-chat-backend (pyproject.toml)
azure-storage-blob==12.27.1
    # via ai-sdk-fastapi-chat-backend (pyproject.toml)
certifi==2025.11.12
    # via
    #   httpcore
    #   httpx
    #   requests
cffi==2.0.0
    # via cryptography
charset-normalizer==3.4.4
    # via requests
click==8.3.1
    # via uvicorn
colorama==0.4.6
    # via
    #   click
    #   tqdm
    #   uvicorn
cryptography==46.0.3
    # via azure-storage-blob
distro==1.9.0
    # via openai
fastapi==0.127.0
    # via
    #   ai-sdk-fastapi-chat-backend (pyproject.toml)
    #   fastapi-ai-sdk
fastapi-ai-sdk==0.1.0
    # via ai-sdk-fastapi-chat-backend (pyproject.toml)
h11==0.16.0
    # via
    #   httpcore
    #   uvicorn
httpcore==1.0.9
    # via httpx
httptools==0.7.1
    # via uvicorn
httpx==0.28.1
    # via
    #   ai-sdk-fastapi-chat-backend (pyproject.toml)
    #   openai
idna==3.11
    # via
    #   anyio
    #   httpx
    #   requests
isodate==0.7.2
    # via azure-storage-blob
jiter==0.12.0
    # via openai
openai==2.14.0
    # via ai-sdk-fastapi-chat-backend (pyproject.toml)
pycparser==2.23
    # via cffi
pydantic==2.12.5
    # via
    #   ai-sdk-fastapi-chat-backend (pyproject.toml)
    #   fastapi
    #   fastapi-ai-sdk
    #   openai
    #   pydantic-settings
pydantic-core==2.41.5
    # via pydantic
pydantic-settings==2.12.0
    # via ai-sdk-fastapi-chat-backend (pyproject.toml)
python-dotenv==1.2.1
    # via
    #   pydantic-settings
    #   uvicorn
python-multipart==0.0.21
    # via ai-sdk-fastapi-chat-backend (pyproject.toml)
pyyaml==6.0.3
    # via uvicorn
requests==2.32.5
    # via azure-core
sniffio==1.3.1
    # via openai
starlette==0.50.0
    # via fastapi
tqdm==4.67.1
    # via openai
typing-extensions==4.15.0
    # via
    #   anyio
    #   azure-core
    #   azure-cosmos
    #   azure-storage-blob
    #   fastapi
    #   fastapi-ai-sdk
    #   openai
    #   pydantic
    #   pydantic-core
    #   starlette
    #   typing-inspection
typing-inspection==0.4.2
    # via
    #   pydantic
    #   pydantic-settings
urllib3==2.6.2
    # via requests
uvicorn[standard]==0.40.0
    # via ai-sdk-fastapi-chat-backend (pyproject.toml)
watchfiles==1.1.1
    # via uvicorn
websockets==15.0.1
    # via uvicorn
